
Microsoft Visual Studio Solution File, Format Version 12.00
# Visual Studio Version 17
VisualStudioVersion = 17.3.32929.385
MinimumVisualStudioVersion = 10.0.40219.1
Project("{FAE04EC0-301F-11D3-BF4B-00C04F79EFBC}") = "Blecrix Protection", "Blecrix Protection.csproj", "{DE9E9F3B-35C6-410A-AEFF-EF15A0DEADE0}"
EndProject
Global
	GlobalSection(SolutionConfigurationPlatforms) = preSolution
		Debug|Any CPU = Debug|Any CPU
		Release|Any CPU = Release|Any CPU
	EndGlobalSection
	GlobalSection(ProjectConfigurationPlatforms) = postSolution
		{DE9E9F3B-35C6-410A-AEFF-EF15A0DEADE0}.Debug|Any CPU.ActiveCfg = Debug|Any CPU
		{DE9E9F3B-35C6-410A-AEFF-EF15A0DEADE0}.Debug|Any CPU.Build.0 = Debug|Any CPU
		{DE9E9F3B-35C6-410A-AEFF-EF15A0DEADE0}.Release|Any CPU.ActiveCfg = Release|Any CPU
		{DE9E9F3B-35C6-410A-AEFF-EF15A0DEADE0}.Release|Any CPU.Build.0 = Release|Any CPU
	EndGlobalSection
	GlobalSection(SolutionProperties) = preSolution
		HideSolutionNode = FALSE
	EndGlobalSection
	GlobalSection(ExtensibilityGlobals) = postSolution
		SolutionGuid = {0D8D4A09-850D-4B05-9315-C21672515C1C}
	EndGlobalSection
EndGlobal
